
Microsoft Visual Studio Solution File, Format Version 11.00
# Visual Studio 2010
Project("{FAE04EC0-301F-11D3-BF4B-00C04F79EFBC}") = "Task2.2.", "Task2.2.\Task2.2..csproj", "{FF5629C1-CEDB-4867-8FC4-26E4283426C6}"
EndProject
Global
	GlobalSection(SolutionConfigurationPlatforms) = preSolution
		Debug|x86 = Debug|x86
		Release|x86 = Release|x86
	EndGlobalSection
	GlobalSection(ProjectConfigurationPlatforms) = postSolution
		{FF5629C1-CEDB-4867-8FC4-26E4283426C6}.Debug|x86.ActiveCfg = Debug|x86
		{FF5629C1-CEDB-4867-8FC4-26E4283426C6}.Debug|x86.Build.0 = Debug|x86
		{FF5629C1-CEDB-4867-8FC4-26E4283426C6}.Release|x86.ActiveCfg = Release|x86
		{FF5629C1-CEDB-4867-8FC4-26E4283426C6}.Release|x86.Build.0 = Release|x86
	EndGlobalSection
	GlobalSection(SolutionProperties) = preSolution
		HideSolutionNode = FALSE
	EndGlobalSection
EndGlobal
